{
  "name": "npm-to-web",
  "version": "1.0.0",
  "lockfileVersion": 2,
  "requires": true,
  "packages": {
    "": {
      "name": "npm-to-web",
      "version": "1.0.0",
      "license": "ISC",
      "dependencies": {
        "leader-line": "^1.0.7",
        "leader-line-new": "^1.1.9"
      }
    },
    "node_modules/leader-line": {
      "version": "1.0.7",
      "resolved": "https://registry.npmjs.org/leader-line/-/leader-line-1.0.7.tgz",
      "integrity": "sha512-PhJpQLV7XychSIuGPD0TEqR9PgRYBbrhReaOcmHFOVtTw4dWKfUMAtOb7UP7xTsoib6sFzq2giQeOUHy7LCuJQ=="
    },
    "node_modules/leader-line-new": {
      "version": "1.1.9",
      "resolved": "https://registry.npmjs.org/leader-line-new/-/leader-line-new-1.1.9.tgz",
      "integrity": "sha512-x56aRYaqJTA4aAS2fgbSpvWKY3IxRXDSFeGkNBmCQ3LX44B3F1HEjcBTkCiK5I3W0nPWeUTWe7dTt59VtdfFWw=="
    }
  },
  "dependencies": {
    "leader-line": {
      "version": "1.0.7",
      "resolved": "https://registry.npmjs.org/leader-line/-/leader-line-1.0.7.tgz",
      "integrity": "sha512-PhJpQLV7XychSIuGPD0TEqR9PgRYBbrhReaOcmHFOVtTw4dWKfUMAtOb7UP7xTsoib6sFzq2giQeOUHy7LCuJQ=="
    },
    "leader-line-new": {
      "version": "1.1.9",
      "resolved": "https://registry.npmjs.org/leader-line-new/-/leader-line-new-1.1.9.tgz",
      "integrity": "sha512-x56aRYaqJTA4aAS2fgbSpvWKY3IxRXDSFeGkNBmCQ3LX44B3F1HEjcBTkCiK5I3W0nPWeUTWe7dTt59VtdfFWw=="
    }
  }
}
